
Microsoft Visual Studio Solution File, Format Version 12.00
# Visual Studio Version 16
VisualStudioVersion = 16.0.30128.74
MinimumVisualStudioVersion = 10.0.40219.1
Project("{9A19103F-16F7-4668-BE54-9A1E7A4F7556}") = "Testing_Area", "Testing_Area.csproj", "{ACACA000-F38D-4156-BAAE-D5F51F30D06F}"
EndProject
Global
	GlobalSection(SolutionConfigurationPlatforms) = preSolution
		Debug|Any CPU = Debug|Any CPU
		Debug|x64 = Debug|x64
		macos|Any CPU = macos|Any CPU
		macos|x64 = macos|x64
		Release|Any CPU = Release|Any CPU
		Release|x64 = Release|x64
		Test|Any CPU = Test|Any CPU
		Test|x64 = Test|x64
	EndGlobalSection
	GlobalSection(ProjectConfigurationPlatforms) = postSolution
		{ACACA000-F38D-4156-BAAE-D5F51F30D06F}.Debug|Any CPU.ActiveCfg = Debug|Any CPU
		{ACACA000-F38D-4156-BAAE-D5F51F30D06F}.Debug|Any CPU.Build.0 = Debug|Any CPU
		{ACACA000-F38D-4156-BAAE-D5F51F30D06F}.Debug|x64.ActiveCfg = Debug|x64
		{ACACA000-F38D-4156-BAAE-D5F51F30D06F}.Debug|x64.Build.0 = Debug|x64
		{ACACA000-F38D-4156-BAAE-D5F51F30D06F}.macos|Any CPU.ActiveCfg = macos|Any CPU
		{ACACA000-F38D-4156-BAAE-D5F51F30D06F}.macos|Any CPU.Build.0 = macos|Any CPU
		{ACACA000-F38D-4156-BAAE-D5F51F30D06F}.macos|x64.ActiveCfg = macos|x64
		{ACACA000-F38D-4156-BAAE-D5F51F30D06F}.macos|x64.Build.0 = macos|x64
		{ACACA000-F38D-4156-BAAE-D5F51F30D06F}.Release|Any CPU.ActiveCfg = Release|Any CPU
		{ACACA000-F38D-4156-BAAE-D5F51F30D06F}.Release|Any CPU.Build.0 = Release|Any CPU
		{ACACA000-F38D-4156-BAAE-D5F51F30D06F}.Release|x64.ActiveCfg = Release|x64
		{ACACA000-F38D-4156-BAAE-D5F51F30D06F}.Release|x64.Build.0 = Release|x64
		{ACACA000-F38D-4156-BAAE-D5F51F30D06F}.Test|Any CPU.ActiveCfg = Test|Any CPU
		{ACACA000-F38D-4156-BAAE-D5F51F30D06F}.Test|Any CPU.Build.0 = Test|Any CPU
		{ACACA000-F38D-4156-BAAE-D5F51F30D06F}.Test|x64.ActiveCfg = Test|x64
		{ACACA000-F38D-4156-BAAE-D5F51F30D06F}.Test|x64.Build.0 = Test|x64
	EndGlobalSection
	GlobalSection(SolutionProperties) = preSolution
		HideSolutionNode = FALSE
	EndGlobalSection
	GlobalSection(ExtensibilityGlobals) = postSolution
		SolutionGuid = {1E05F7AB-03BE-4C78-8D1A-E55ADEBEEEA1}
	EndGlobalSection
EndGlobal
